// !$*UTF8*$!
{
	archiveVersion = 1;
	classes = {
	};
	objectVersion = 50;
	objects = {

/* Begin PBXBuildFile section */
		CAAFAFF4253819A400D3BA22 /* AppDelegate.m in Sources */ = {isa = PBXBuildFile; fileRef = CAAFAFF3253819A400D3BA22 /* AppDelegate.m */; };
		CAAFAFF7253819A400D3BA22 /* SceneDelegate.m in Sources */ = {isa = PBXBuildFile; fileRef = CAAFAFF6253819A400D3BA22 /* SceneDelegate.m */; };
		CAAFAFFA253819A400D3BA22 /* ViewController.m in Sources */ = {isa = PBXBuildFile; fileRef = CAAFAFF9253819A400D3BA22 /* ViewController.m */; };
		CAAFAFFD253819A400D3BA22 /* Main.storyboard in Resources */ = {isa = PBXBuildFile; fileRef = CAAFAFFB253819A400D3BA22 /* Main.storyboard */; };
		CAAFAFFF253819A800D3BA22 /* Assets.xcassets in Resources */ = {isa = PBXBuildFile; fileRef = CAAFAFFE253819A800D3BA22 /* Assets.xcassets */; };
		CAAFB002253819A800D3BA22 /* LaunchScreen.storyboard in Resources */ = {isa = PBXBuildFile; fileRef = CAAFB000253819A800D3BA22 /* LaunchScreen.storyboard */; };
		CAAFB005253819A800D3BA22 /* main.m in Sources */ = {isa = PBXBuildFile; fileRef = CAAFB004253819A800D3BA22 /* main.m */; };
		CAAFB00D25381D1C00D3BA22 /* Settings.bundle in Resources */ = {isa = PBXBuildFile; fileRef = CAAFB00C25381D1C00D3BA22 /* Settings.bundle */; };
		CAAFB01E253992D200D3BA22 /* Cat.m in Sources */ = {isa = PBXBuildFile; fileRef = CAAFB01D253992D200D3BA22 /* Cat.m */; };
		CAAFB022253994F300D3BA22 /* Dog.m in Sources */ = {isa = PBXBuildFile; fileRef = CAAFB021253994F300D3BA22 /* Dog.m */; };
/* End PBXBuildFile section */

/* Begin PBXFileReference section */
		CAAFAFEF253819A400D3BA22 /* 面试题演示.app */ = {isa = PBXFileReference; explicitFileType = wrapper.application; includeInIndex = 0; path = "面试题演示.app"; sourceTree = BUILT_PRODUCTS_DIR; };
		CAAFAFF2253819A400D3BA22 /* AppDelegate.h */ = {isa = PBXFileReference; lastKnownFileType = sourcecode.c.h; path = AppDelegate.h; sourceTree = "<group>"; };
		CAAFAFF3253819A400D3BA22 /* AppDelegate.m */ = {isa = PBXFileReference; lastKnownFileType = sourcecode.c.objc; path = AppDelegate.m; sourceTree = "<group>"; };
		CAAFAFF5253819A400D3BA22 /* SceneDelegate.h */ = {isa = PBXFileReference; lastKnownFileType = sourcecode.c.h; path = SceneDelegate.h; sourceTree = "<group>"; };
		CAAFAFF6253819A400D3BA22 /* SceneDelegate.m */ = {isa = PBXFileReference; lastKnownFileType = sourcecode.c.objc; path = SceneDelegate.m; sourceTree = "<group>"; };
		CAAFAFF8253819A400D3BA22 /* ViewController.h */ = {isa = PBXFileReference; lastKnownFileType = sourcecode.c.h; path = ViewController.h; sourceTree = "<group>"; };
		CAAFAFF9253819A400D3BA22 /* ViewController.m */ = {isa = PBXFileReference; lastKnownFileType = sourcecode.c.objc; path = ViewController.m; sourceTree = "<group>"; };
		CAAFAFFC253819A400D3BA22 /* Base */ = {isa = PBXFileReference; lastKnownFileType = file.storyboard; name = Base; path = Base.lproj/Main.storyboard; sourceTree = "<group>"; };
		CAAFAFFE253819A800D3BA22 /* Assets.xcassets */ = {isa = PBXFileReference; lastKnownFileType = folder.assetcatalog; path = Assets.xcassets; sourceTree = "<group>"; };
		CAAFB001253819A800D3BA22 /* Base */ = {isa = PBXFileReference; lastKnownFileType = file.storyboard; name = Base; path = Base.lproj/LaunchScreen.storyboard; sourceTree = "<group>"; };
		CAAFB003253819A800D3BA22 /* Info.plist */ = {isa = PBXFileReference; lastKnownFileType = text.plist.xml; path = Info.plist; sourceTree = "<group>"; };
		CAAFB004253819A800D3BA22 /* main.m */ = {isa = PBXFileReference; lastKnownFileType = sourcecode.c.objc; path = main.m; sourceTree = "<group>"; };
		CAAFB00C25381D1C00D3BA22 /* Settings.bundle */ = {isa = PBXFileReference; lastKnownFileType = "wrapper.plug-in"; path = Settings.bundle; sourceTree = "<group>"; };
		CAAFB01C253992D200D3BA22 /* Cat.h */ = {isa = PBXFileReference; lastKnownFileType = sourcecode.c.h; path = Cat.h; sourceTree = "<group>"; };
		CAAFB01D253992D200D3BA22 /* Cat.m */ = {isa = PBXFileReference; lastKnownFileType = sourcecode.c.objc; path = Cat.m; sourceTree = "<group>"; };
		CAAFB020253994F300D3BA22 /* Dog.h */ = {isa = PBXFileReference; lastKnownFileType = sourcecode.c.h; path = Dog.h; sourceTree = "<group>"; };
		CAAFB021253994F300D3BA22 /* Dog.m */ = {isa = PBXFileReference; lastKnownFileType = sourcecode.c.objc; path = Dog.m; sourceTree = "<group>"; };
/* End PBXFileReference section */

/* Begin PBXFrameworksBuildPhase section */
		CAAFAFEC253819A400D3BA22 /* Frameworks */ = {
			isa = PBXFrameworksBuildPhase;
			buildActionMask = 2147483647;
			files = (
			);
			runOnlyForDeploymentPostprocessing = 0;
		};
/* End PBXFrameworksBuildPhase section */

/* Begin PBXGroup section */
		CAAFAFE6253819A400D3BA22 = {
			isa = PBXGroup;
			children = (
				CAAFAFF1253819A400D3BA22 /* 面试题演示 */,
				CAAFAFF0253819A400D3BA22 /* Products */,
			);
			sourceTree = "<group>";
		};
		CAAFAFF0253819A400D3BA22 /* Products */ = {
			isa = PBXGroup;
			children = (
				CAAFAFEF253819A400D3BA22 /* 面试题演示.app */,
			);
			name = Products;
			sourceTree = "<group>";
		};
		CAAFAFF1253819A400D3BA22 /* 面试题演示 */ = {
			isa = PBXGroup;
			children = (
				CAAFAFF2253819A400D3BA22 /* AppDelegate.h */,
				CAAFAFF3253819A400D3BA22 /* AppDelegate.m */,
				CAAFAFF5253819A400D3BA22 /* SceneDelegate.h */,
				CAAFAFF6253819A400D3BA22 /* SceneDelegate.m */,
				CAAFAFF8253819A400D3BA22 /* ViewController.h */,
				CAAFAFF9253819A400D3BA22 /* ViewController.m */,
				CAAFB01C253992D200D3BA22 /* Cat.h */,
				CAAFB01D253992D200D3BA22 /* Cat.m */,
				CAAFB020253994F300D3BA22 /* Dog.h */,
				CAAFB021253994F300D3BA22 /* Dog.m */,
				CAAFB00C25381D1C00D3BA22 /* Settings.bundle */,
				CAAFAFFB253819A400D3BA22 /* Main.storyboard */,
				CAAFAFFE253819A800D3BA22 /* Assets.xcassets */,
				CAAFB000253819A800D3BA22 /* LaunchScreen.storyboard */,
				CAAFB003253819A800D3BA22 /* Info.plist */,
				CAAFB004253819A800D3BA22 /* main.m */,
			);
			path = "面试题演示";
			sourceTree = "<group>";
		};
/* End PBXGroup section */

/* Begin PBXNativeTarget section */
		CAAFAFEE253819A400D3BA22 /* 面试题演示 */ = {
			isa = PBXNativeTarget;
			buildConfigurationList = CAAFB008253819A800D3BA22 /* Build configuration list for PBXNativeTarget "面试题演示" */;
			buildPhases = (
				CAAFAFEB253819A400D3BA22 /* Sources */,
				CAAFAFEC253819A400D3BA22 /* Frameworks */,
				CAAFAFED253819A400D3BA22 /* Resources */,
			);
			buildRules = (
			);
			dependencies = (
			);
			name = "面试题演示";
			productName = "面试题演示";
			productReference = CAAFAFEF253819A400D3BA22 /* 面试题演示.app */;
			productType = "com.apple.product-type.application";
		};
/* End PBXNativeTarget section */

/* Begin PBXProject section */
		CAAFAFE7253819A400D3BA22 /* Project object */ = {
			isa = PBXProject;
			attributes = {
				LastUpgradeCheck = 1200;
				TargetAttributes = {
					CAAFAFEE253819A400D3BA22 = {
						CreatedOnToolsVersion = 12.0.1;
					};
				};
			};
			buildConfigurationList = CAAFAFEA253819A400D3BA22 /* Build configuration list for PBXProject "面试题演示" */;
			compatibilityVersion = "Xcode 9.3";
			developmentRegion = en;
			hasScannedForEncodings = 0;
			knownRegions = (
				en,
				Base,
			);
			mainGroup = CAAFAFE6253819A400D3BA22;
			productRefGroup = CAAFAFF0253819A400D3BA22 /* Products */;
			projectDirPath = "";
			projectRoot = "";
			targets = (
				CAAFAFEE253819A400D3BA22 /* 面试题演示 */,
			);
		};
/* End PBXProject section */

/* Begin PBXResourcesBuildPhase section */
		CAAFAFED253819A400D3BA22 /* Resources */ = {
			isa = PBXResourcesBuildPhase;
			buildActionMask = 2147483647;
			files = (
				CAAFB00D25381D1C00D3BA22 /* Settings.bundle in Resources */,
				CAAFB002253819A800D3BA22 /* LaunchScreen.storyboard in Resources */,
				CAAFAFFF253819A800D3BA22 /* Assets.xcassets in Resources */,
				CAAFAFFD253819A400D3BA22 /* Main.storyboard in Resources */,
			);
			runOnlyForDeploymentPostprocessing = 0;
		};
/* End PBXResourcesBuildPhase section */

/* Begin PBXSourcesBuildPhase section */
		CAAFAFEB253819A400D3BA22 /* Sources */ = {
			isa = PBXSourcesBuildPhase;
			buildActionMask = 2147483647;
			files = (
				CAAFB022253994F300D3BA22 /* Dog.m in Sources */,
				CAAFAFFA253819A400D3BA22 /* ViewController.m in Sources */,
				CAAFAFF4253819A400D3BA22 /* AppDelegate.m in Sources */,
				CAAFB005253819A800D3BA22 /* main.m in Sources */,
				CAAFAFF7253819A400D3BA22 /* SceneDelegate.m in Sources */,
				CAAFB01E253992D200D3BA22 /* Cat.m in Sources */,
			);
			runOnlyForDeploymentPostprocessing = 0;
		};
/* End PBXSourcesBuildPhase section */

/* Begin PBXVariantGroup section */
		CAAFAFFB253819A400D3BA22 /* Main.storyboard */ = {
			isa = PBXVariantGroup;
			children = (
				CAAFAFFC253819A400D3BA22 /* Base */,
			);
			name = Main.storyboard;
			sourceTree = "<group>";
		};
		CAAFB000253819A800D3BA22 /* LaunchScreen.storyboard */ = {
			isa = PBXVariantGroup;
			children = (
				CAAFB001253819A800D3BA22 /* Base */,
			);
			name = LaunchScreen.storyboard;
			sourceTree = "<group>";
		};
/* End PBXVariantGroup section */

/* Begin XCBuildConfiguration section */
		CAAFB006253819A800D3BA22 /* Debug */ = {
			isa = XCBuildConfiguration;
			buildSettings = {
				ALWAYS_SEARCH_USER_PATHS = NO;
				CLANG_ANALYZER_NONNULL = YES;
				CLANG_ANALYZER_NUMBER_OBJECT_CONVERSION = YES_AGGRESSIVE;
				CLANG_CXX_LANGUAGE_STANDARD = "gnu++14";
				CLANG_CXX_LIBRARY = "libc++";
				CLANG_ENABLE_MODULES = YES;
				CLANG_ENABLE_OBJC_ARC = YES;
				CLANG_ENABLE_OBJC_WEAK = YES;
				CLANG_WARN_BLOCK_CAPTURE_AUTORELEASING = YES;
				CLANG_WARN_BOOL_CONVERSION = YES;
				CLANG_WARN_COMMA = YES;
				CLANG_WARN_CONSTANT_CONVERSION = YES;
				CLANG_WARN_DEPRECATED_OBJC_IMPLEMENTATIONS = YES;
				CLANG_WARN_DIRECT_OBJC_ISA_USAGE = YES_ERROR;
				CLANG_WARN_DOCUMENTATION_COMMENTS = YES;
				CLANG_WARN_EMPTY_BODY = YES;
				CLANG_WARN_ENUM_CONVERSION = YES;
				CLANG_WARN_INFINITE_RECURSION = YES;
				CLANG_WARN_INT_CONVERSION = YES;
				CLANG_WARN_NON_LITERAL_NULL_CONVERSION = YES;
				CLANG_WARN_OBJC_IMPLICIT_RETAIN_SELF = YES;
				CLANG_WARN_OBJC_LITERAL_CONVERSION = YES;
				CLANG_WARN_OBJC_ROOT_CLASS = YES_ERROR;
				CLANG_WARN_QUOTED_INCLUDE_IN_FRAMEWORK_HEADER = YES;
				CLANG_WARN_RANGE_LOOP_ANALYSIS = YES;
				CLANG_WARN_STRICT_PROTOTYPES = YES;
				CLANG_WARN_SUSPICIOUS_MOVE = YES;
				CLANG_WARN_UNGUARDED_AVAILABILITY = YES_AGGRESSIVE;
				CLANG_WARN_UNREACHABLE_CODE = YES;
				CLANG_WARN__DUPLICATE_METHOD_MATCH = YES;
				COPY_PHASE_STRIP = NO;
				DEBUG_INFORMATION_FORMAT = dwarf;
				ENABLE_STRICT_OBJC_MSGSEND = YES;
				ENABLE_TESTABILITY = YES;
				GCC_C_LANGUAGE_STANDARD = gnu11;
				GCC_DYNAMIC_NO_PIC = NO;
				GCC_NO_COMMON_BLOCKS = YES;
				GCC_OPTIMIZATION_LEVEL = 0;
				GCC_PREPROCESSOR_DEFINITIONS = (
					"DEBUG=1",
					"$(inherited)",
				);
				GCC_WARN_64_TO_32_BIT_CONVERSION = YES;
				GCC_WARN_ABOUT_RETURN_TYPE = YES_ERROR;
				GCC_WARN_UNDECLARED_SELECTOR = YES;
				GCC_WARN_UNINITIALIZED_AUTOS = YES_AGGRESSIVE;
				GCC_WARN_UNUSED_FUNCTION = YES;
				GCC_WARN_UNUSED_VARIABLE = YES;
				IPHONEOS_DEPLOYMENT_TARGET = 14.0;
				MTL_ENABLE_DEBUG_INFO = INCLUDE_SOURCE;
				MTL_FAST_MATH = YES;
				ONLY_ACTIVE_ARCH = YES;
				SDKROOT = iphoneos;
			};
			name = Debug;
		};
		CAAFB007253819A800D3BA22 /* Release */ = {
			isa = XCBuildConfiguration;
			buildSettings = {
				ALWAYS_SEARCH_USER_PATHS = NO;
				CLANG_ANALYZER_NONNULL = YES;
				CLANG_ANALYZER_NUMBER_OBJECT_CONVERSION = YES_AGGRESSIVE;
				CLANG_CXX_LANGUAGE_STANDARD = "gnu++14";
				CLANG_CXX_LIBRARY = "libc++";
				CLANG_ENABLE_MODULES = YES;
				CLANG_ENABLE_OBJC_ARC = YES;
				CLANG_ENABLE_OBJC_WEAK = YES;
				CLANG_WARN_BLOCK_CAPTURE_AUTORELEASING = YES;
				CLANG_WARN_BOOL_CONVERSION = YES;
				CLANG_WARN_COMMA = YES;
				CLANG_WARN_CONSTANT_CONVERSION = YES;
				CLANG_WARN_DEPRECATED_OBJC_IMPLEMENTATIONS = YES;
				CLANG_WARN_DIRECT_OBJC_ISA_USAGE = YES_ERROR;
				CLANG_WARN_DOCUMENTATION_COMMENTS = YES;
				CLANG_WARN_EMPTY_BODY = YES;
				CLANG_WARN_ENUM_CONVERSION = YES;
				CLANG_WARN_INFINITE_RECURSION = YES;
				CLANG_WARN_INT_CONVERSION = YES;
				CLANG_WARN_NON_LITERAL_NULL_CONVERSION = YES;
				CLANG_WARN_OBJC_IMPLICIT_RETAIN_SELF = YES;
				CLANG_WARN_OBJC_LITERAL_CONVERSION = YES;
				CLANG_WARN_OBJC_ROOT_CLASS = YES_ERROR;
				CLANG_WARN_QUOTED_INCLUDE_IN_FRAMEWORK_HEADER = YES;
				CLANG_WARN_RANGE_LOOP_ANALYSIS = YES;
				CLANG_WARN_STRICT_PROTOTYPES = YES;
				CLANG_WARN_SUSPICIOUS_MOVE = YES;
				CLANG_WARN_UNGUARDED_AVAILABILITY = YES_AGGRESSIVE;
				CLANG_WARN_UNREACHABLE_CODE = YES;
				CLANG_WARN__DUPLICATE_METHOD_MATCH = YES;
				COPY_PHASE_STRIP = NO;
				DEBUG_INFORMATION_FORMAT = "dwarf-with-dsym";
				ENABLE_NS_ASSERTIONS = NO;
				ENABLE_STRICT_OBJC_MSGSEND = YES;
				GCC_C_LANGUAGE_STANDARD = gnu11;
				GCC_NO_COMMON_BLOCKS = YES;
				GCC_WARN_64_TO_32_BIT_CONVERSION = YES;
				GCC_WARN_ABOUT_RETURN_TYPE = YES_ERROR;
				GCC_WARN_UNDECLARED_SELECTOR = YES;
				GCC_WARN_UNINITIALIZED_AUTOS = YES_AGGRESSIVE;
				GCC_WARN_UNUSED_FUNCTION = YES;
				GCC_WARN_UNUSED_VARIABLE = YES;
				IPHONEOS_DEPLOYMENT_TARGET = 14.0;
				MTL_ENABLE_DEBUG_INFO = NO;
				MTL_FAST_MATH = YES;
				SDKROOT = iphoneos;
				VALIDATE_PRODUCT = YES;
			};
			name = Release;
		};
		CAAFB009253819A800D3BA22 /* Debug */ = {
			isa = XCBuildConfiguration;
			buildSettings = {
				ASSETCATALOG_COMPILER_APPICON_NAME = AppIcon;
				ASSETCATALOG_COMPILER_GLOBAL_ACCENT_COLOR_NAME = AccentColor;
				CODE_SIGN_STYLE = Automatic;
				DEVELOPMENT_TEAM = E27WNKVHV9;
				INFOPLIST_FILE = "面试题演示/Info.plist";
				LD_RUNPATH_SEARCH_PATHS = (
					"$(inherited)",
					"@executable_path/Frameworks",
				);
				PRODUCT_BUNDLE_IDENTIFIER = "com.ChangeWorld.CoderWGB.-----";
				PRODUCT_NAME = "$(TARGET_NAME)";
				TARGETED_DEVICE_FAMILY = "1,2";
			};
			name = Debug;
		};
		CAAFB00A253819A800D3BA22 /* Release */ = {
			isa = XCBuildConfiguration;
			buildSettings = {
				ASSETCATALOG_COMPILER_APPICON_NAME = AppIcon;
				ASSETCATALOG_COMPILER_GLOBAL_ACCENT_COLOR_NAME = AccentColor;
				CODE_SIGN_STYLE = Automatic;
				DEVELOPMENT_TEAM = E27WNKVHV9;
				INFOPLIST_FILE = "面试题演示/Info.plist";
				LD_RUNPATH_SEARCH_PATHS = (
					"$(inherited)",
					"@executable_path/Frameworks",
				);
				PRODUCT_BUNDLE_IDENTIFIER = "com.ChangeWorld.CoderWGB.-----";
				PRODUCT_NAME = "$(TARGET_NAME)";
				TARGETED_DEVICE_FAMILY = "1,2";
			};
			name = Release;
		};
/* End XCBuildConfiguration section */

/* Begin XCConfigurationList section */
		CAAFAFEA253819A400D3BA22 /* Build configuration list for PBXProject "面试题演示" */ = {
			isa = XCConfigurationList;
			buildConfigurations = (
				CAAFB006253819A800D3BA22 /* Debug */,
				CAAFB007253819A800D3BA22 /* Release */,
			);
			defaultConfigurationIsVisible = 0;
			defaultConfigurationName = Release;
		};
		CAAFB008253819A800D3BA22 /* Build configuration list for PBXNativeTarget "面试题演示" */ = {
			isa = XCConfigurationList;
			buildConfigurations = (
				CAAFB009253819A800D3BA22 /* Debug */,
				CAAFB00A253819A800D3BA22 /* Release */,
			);
			defaultConfigurationIsVisible = 0;
			defaultConfigurationName = Release;
		};
/* End XCConfigurationList section */
	};
	rootObject = CAAFAFE7253819A400D3BA22 /* Project object */;
}
